{
  "originHash" : "3186565f6bb679428dacb709bb57705155837989e492810c2d315adf887a79cb",
  "pins" : [
    {
      "identity" : "design-system",
      "kind" : "remoteSourceControl",
      "location" : "https://github.com/New-Dawn-Final-Challenge/Design-System.git",
      "state" : {
        "branch" : "main",
        "revision" : "e8a4c3c378f34897a47c44d6d6695b46c2e6a527"
      }
    }
  ],
  "version" : 3
}
