{
  "originHash" : "3186565f6bb679428dacb709bb57705155837989e492810c2d315adf887a79cb",
  "pins" : [
    {
      "identity" : "design-system",
      "kind" : "remoteSourceControl",
      "location" : "https://github.com/New-Dawn-Final-Challenge/Design-System.git",
      "state" : {
        "branch" : "main",
        "revision" : "f63976718a9b9b525b2c9137a89409d9a8f34e68"
      }
    }
  ],
  "version" : 3
}
