{
  "originHash" : "3186565f6bb679428dacb709bb57705155837989e492810c2d315adf887a79cb",
  "pins" : [
    {
      "identity" : "design-system",
      "kind" : "remoteSourceControl",
      "location" : "https://github.com/New-Dawn-Final-Challenge/Design-System.git",
      "state" : {
        "branch" : "main",
        "revision" : "5d6ab0086bfe4d112595ff67536a5fb085899f1f"
      }
    }
  ],
  "version" : 3
}
